
Microsoft Visual Studio Solution File, Format Version 12.00
# Visual Studio Version 17
VisualStudioVersion = 17.14.36121.58 d17.14
MinimumVisualStudioVersion = 10.0.40219.1
Project("{FAE04EC0-301F-11D3-BF4B-00C04F79EFBC}") = "01.IntegerOperations", "01.IntegerOperations\01.IntegerOperations.csproj", "{0DFB6420-9B9E-4498-A4F7-DCEAF75EB761}"
EndProject
Project("{FAE04EC0-301F-11D3-BF4B-00C04F79EFBC}") = "02.SumDigits", "02.SumDigits\02.SumDigits.csproj", "{C8F559FC-FAF8-46F6-968F-9542AA2C9577}"
EndProject
Project("{FAE04EC0-301F-11D3-BF4B-00C04F79EFBC}") = "03.Elevator", "03.Elevator\03.Elevator.csproj", "{7A1FFAFE-D86C-41C2-BA45-B810C7EE3066}"
EndProject
Project("{FAE04EC0-301F-11D3-BF4B-00C04F79EFBC}") = "04.SumOfChars", "04.SumOfChars\04.SumOfChars.csproj", "{17EF506A-B049-42D9-A738-5231A5399D5E}"
EndProject
Global
	GlobalSection(SolutionConfigurationPlatforms) = preSolution
		Debug|Any CPU = Debug|Any CPU
		Release|Any CPU = Release|Any CPU
	EndGlobalSection
	GlobalSection(ProjectConfigurationPlatforms) = postSolution
		{0DFB6420-9B9E-4498-A4F7-DCEAF75EB761}.Debug|Any CPU.ActiveCfg = Debug|Any CPU
		{0DFB6420-9B9E-4498-A4F7-DCEAF75EB761}.Debug|Any CPU.Build.0 = Debug|Any CPU
		{0DFB6420-9B9E-4498-A4F7-DCEAF75EB761}.Release|Any CPU.ActiveCfg = Release|Any CPU
		{0DFB6420-9B9E-4498-A4F7-DCEAF75EB761}.Release|Any CPU.Build.0 = Release|Any CPU
		{C8F559FC-FAF8-46F6-968F-9542AA2C9577}.Debug|Any CPU.ActiveCfg = Debug|Any CPU
		{C8F559FC-FAF8-46F6-968F-9542AA2C9577}.Debug|Any CPU.Build.0 = Debug|Any CPU
		{C8F559FC-FAF8-46F6-968F-9542AA2C9577}.Release|Any CPU.ActiveCfg = Release|Any CPU
		{C8F559FC-FAF8-46F6-968F-9542AA2C9577}.Release|Any CPU.Build.0 = Release|Any CPU
		{7A1FFAFE-D86C-41C2-BA45-B810C7EE3066}.Debug|Any CPU.ActiveCfg = Debug|Any CPU
		{7A1FFAFE-D86C-41C2-BA45-B810C7EE3066}.Debug|Any CPU.Build.0 = Debug|Any CPU
		{7A1FFAFE-D86C-41C2-BA45-B810C7EE3066}.Release|Any CPU.ActiveCfg = Release|Any CPU
		{7A1FFAFE-D86C-41C2-BA45-B810C7EE3066}.Release|Any CPU.Build.0 = Release|Any CPU
		{17EF506A-B049-42D9-A738-5231A5399D5E}.Debug|Any CPU.ActiveCfg = Debug|Any CPU
		{17EF506A-B049-42D9-A738-5231A5399D5E}.Debug|Any CPU.Build.0 = Debug|Any CPU
		{17EF506A-B049-42D9-A738-5231A5399D5E}.Release|Any CPU.ActiveCfg = Release|Any CPU
		{17EF506A-B049-42D9-A738-5231A5399D5E}.Release|Any CPU.Build.0 = Release|Any CPU
	EndGlobalSection
	GlobalSection(SolutionProperties) = preSolution
		HideSolutionNode = FALSE
	EndGlobalSection
	GlobalSection(ExtensibilityGlobals) = postSolution
		SolutionGuid = {67460AB5-FD54-4B26-B840-69FD56B448F0}
	EndGlobalSection
EndGlobal
